
Microsoft Visual Studio Solution File, Format Version 12.00
# Visual Studio Version 17
VisualStudioVersion = 17.9.34728.123
MinimumVisualStudioVersion = 10.0.40219.1
Project("{9A19103F-16F7-4668-BE54-9A1E7A4F7556}") = "signalr", "signalr\signalr.csproj", "{49C900F5-D85E-48FD-960A-896AA055CB41}"
EndProject
Global
	GlobalSection(SolutionConfigurationPlatforms) = preSolution
		Debug|Any CPU = Debug|Any CPU
		Release|Any CPU = Release|Any CPU
	EndGlobalSection
	GlobalSection(ProjectConfigurationPlatforms) = postSolution
		{49C900F5-D85E-48FD-960A-896AA055CB41}.Debug|Any CPU.ActiveCfg = Debug|Any CPU
		{49C900F5-D85E-48FD-960A-896AA055CB41}.Debug|Any CPU.Build.0 = Debug|Any CPU
		{49C900F5-D85E-48FD-960A-896AA055CB41}.Release|Any CPU.ActiveCfg = Release|Any CPU
		{49C900F5-D85E-48FD-960A-896AA055CB41}.Release|Any CPU.Build.0 = Release|Any CPU
	EndGlobalSection
	GlobalSection(SolutionProperties) = preSolution
		HideSolutionNode = FALSE
	EndGlobalSection
	GlobalSection(ExtensibilityGlobals) = postSolution
		SolutionGuid = {064F135A-1570-45AE-BB9C-A775B569EA5E}
	EndGlobalSection
EndGlobal
